{
  "originHash" : "8df409e0810c5b930c7c5b7625d488373f0ab64bcab5ca630aec629e02dba9ce",
  "pins" : [
    {
      "identity" : "statusbarkit",
      "kind" : "remoteSourceControl",
      "location" : "https://github.com/hytfjwr/StatusBarKit",
      "state" : {
        "revision" : "9fb295a392e8c9dbc3467627a101ecf9447a64ba",
        "version" : "1.5.0"
      }
    }
  ],
  "version" : 3
}
